
Microsoft Visual Studio Solution File, Format Version 12.00
# Visual Studio Version 17
VisualStudioVersion = 17.9.34728.123
MinimumVisualStudioVersion = 10.0.40219.1
Project("{FAE04EC0-301F-11D3-BF4B-00C04F79EFBC}") = "ClockWidget", "ClockWidget.csproj", "{F789D15B-9209-4278-8136-BE9712E98505}"
EndProject
Global
	GlobalSection(SolutionConfigurationPlatforms) = preSolution
		Debug|Any CPU = Debug|Any CPU
		Release|Any CPU = Release|Any CPU
	EndGlobalSection
	GlobalSection(ProjectConfigurationPlatforms) = postSolution
		{F789D15B-9209-4278-8136-BE9712E98505}.Debug|Any CPU.ActiveCfg = Debug|Any CPU
		{F789D15B-9209-4278-8136-BE9712E98505}.Debug|Any CPU.Build.0 = Debug|Any CPU
		{F789D15B-9209-4278-8136-BE9712E98505}.Release|Any CPU.ActiveCfg = Release|Any CPU
		{F789D15B-9209-4278-8136-BE9712E98505}.Release|Any CPU.Build.0 = Release|Any CPU
	EndGlobalSection
	GlobalSection(SolutionProperties) = preSolution
		HideSolutionNode = FALSE
	EndGlobalSection
	GlobalSection(ExtensibilityGlobals) = postSolution
		SolutionGuid = {F485E978-69D0-43D1-9473-5FC723C8AF0B}
	EndGlobalSection
EndGlobal
